{
  "originHash" : "b91d768f2d2d831a28c4c9564058c485833e8941da72b3c99e44ae7ba9673f3d",
  "pins" : [
    {
      "identity" : "charts",
      "kind" : "remoteSourceControl",
      "location" : "https://github.com/ChartsOrg/Charts.git",
      "state" : {
        "revision" : "dd9c72e3d7e751e769971092a6bd72d39198ae63",
        "version" : "5.1.0"
      }
    },
    {
      "identity" : "ftlinearactivityindicator",
      "kind" : "remoteSourceControl",
      "location" : "https://github.com/futuretap/FTLinearActivityIndicator.git",
      "state" : {
        "revision" : "52764c13cbceca291eae9f01c8dd612bb7369b71",
        "version" : "2.0.2"
      }
    },
    {
      "identity" : "realm-core",
      "kind" : "remoteSourceControl",
      "location" : "https://github.com/realm/realm-core.git",
      "state" : {
        "revision" : "b4192c46305570577c4d08df790fddec5ab3aa04",
        "version" : "20.1.5"
      }
    },
    {
      "identity" : "realm-swift",
      "kind" : "remoteSourceControl",
      "location" : "https://github.com/realm/realm-swift.git",
      "state" : {
        "branch" : "community",
        "revision" : "ca03df491ec5e4bb8af0bca1e9957d08c10ec2da"
      }
    }
  ],
  "version" : 3
}
